
Microsoft Visual Studio Solution File, Format Version 12.00
# Visual Studio Version 16
VisualStudioVersion = 16.0.31402.337
MinimumVisualStudioVersion = 10.0.40219.1
Project("{FAE04EC0-301F-11D3-BF4B-00C04F79EFBC}") = "ShapesLAB", "ShapesLAB\ShapesLAB.csproj", "{636C2047-AA7C-4EC1-BCF0-1A41A8EDC591}"
EndProject
Project("{FAE04EC0-301F-11D3-BF4B-00C04F79EFBC}") = "Cars", "Cars\Cars.csproj", "{48CC8FB6-5AD5-46EF-9BDD-30552A8287D3}"
EndProject
Global
	GlobalSection(SolutionConfigurationPlatforms) = preSolution
		Debug|Any CPU = Debug|Any CPU
		Release|Any CPU = Release|Any CPU
	EndGlobalSection
	GlobalSection(ProjectConfigurationPlatforms) = postSolution
		{636C2047-AA7C-4EC1-BCF0-1A41A8EDC591}.Debug|Any CPU.ActiveCfg = Debug|Any CPU
		{636C2047-AA7C-4EC1-BCF0-1A41A8EDC591}.Debug|Any CPU.Build.0 = Debug|Any CPU
		{636C2047-AA7C-4EC1-BCF0-1A41A8EDC591}.Release|Any CPU.ActiveCfg = Release|Any CPU
		{636C2047-AA7C-4EC1-BCF0-1A41A8EDC591}.Release|Any CPU.Build.0 = Release|Any CPU
		{48CC8FB6-5AD5-46EF-9BDD-30552A8287D3}.Debug|Any CPU.ActiveCfg = Debug|Any CPU
		{48CC8FB6-5AD5-46EF-9BDD-30552A8287D3}.Debug|Any CPU.Build.0 = Debug|Any CPU
		{48CC8FB6-5AD5-46EF-9BDD-30552A8287D3}.Release|Any CPU.ActiveCfg = Release|Any CPU
		{48CC8FB6-5AD5-46EF-9BDD-30552A8287D3}.Release|Any CPU.Build.0 = Release|Any CPU
	EndGlobalSection
	GlobalSection(SolutionProperties) = preSolution
		HideSolutionNode = FALSE
	EndGlobalSection
	GlobalSection(ExtensibilityGlobals) = postSolution
		SolutionGuid = {E55AA5AD-FAB3-4B91-A886-2D508C924D21}
	EndGlobalSection
EndGlobal
